
Microsoft Visual Studio Solution File, Format Version 12.00
Project("{FAE04EC0-301F-11D3-BF4B-00C04F79EFBC}") = "desafio02", "desafio02\desafio02.csproj", "{C0CEDD30-B32D-4231-AF43-962F38D3B5DC}"
EndProject
Global
	GlobalSection(SolutionConfigurationPlatforms) = preSolution
		Debug|Any CPU = Debug|Any CPU
		Release|Any CPU = Release|Any CPU
	EndGlobalSection
	GlobalSection(ProjectConfigurationPlatforms) = postSolution
		{C0CEDD30-B32D-4231-AF43-962F38D3B5DC}.Debug|Any CPU.ActiveCfg = Debug|Any CPU
		{C0CEDD30-B32D-4231-AF43-962F38D3B5DC}.Debug|Any CPU.Build.0 = Debug|Any CPU
		{C0CEDD30-B32D-4231-AF43-962F38D3B5DC}.Release|Any CPU.ActiveCfg = Release|Any CPU
		{C0CEDD30-B32D-4231-AF43-962F38D3B5DC}.Release|Any CPU.Build.0 = Release|Any CPU
	EndGlobalSection
EndGlobal
